# This file is automatically @generated by Cargo.
# It is not intended for manual editing.
[[package]]
name = "aoc2020"
version = "0.1.0"
dependencies = [
 "build_const",
]

[[package]]
name = "build_const"
version = "0.1.1"
source = "registry+https://github.com/rust-lang/crates.io-index"
checksum = "85261c4c3f28f8f2061dd9c41a949793ef98be624879d9c1315e439e971d5401"
